{
    "_meta": {
        "hash": {
            "sha256": "dd1e4032e55c8cef18873642b81abead250cf02c3652cb52775c1676763df7fb"
        },
        "pipfile-spec": 6,
        "requires": {
            "python_version": "3.7"
        },
        "sources": [
            {
                "name": "pypi",
                "url": "https://pypi.org/simple",
                "verify_ssl": true
            }
        ]
    },
    "default": {
        "py3-progressbar": {
            "hashes": [
                "sha256:5d0ad530718cdfa3acfa8e168a5271f10af468de25fe874d896837b7cfec05c8"
            ],
            "index": "pypi",
            "version": "==2.4.dev0"
        },
        "pycrypto": {
            "hashes": [
                "sha256:f2ce1e989b272cfcb677616763e0a2e7ec659effa67a88aa92b3a65528f60a3c"
            ],
            "index": "pypi",
            "version": "==2.6.1"
        }
    },
    "develop": {}
}
