[[package]]
category = "dev"
description = "A small Python module for determining appropriate platform-specific dirs, e.g. a \"user data dir\"."
name = "appdirs"
optional = false
python-versions = "*"
version = "1.4.3"

[[package]]
category = "dev"
description = "Classes Without Boilerplate"
name = "attrs"
optional = false
python-versions = ">=2.7, !=3.0.*, !=3.1.*, !=3.2.*, !=3.3.*"
version = "19.3.0"

[package.extras]
azure-pipelines = ["coverage", "hypothesis", "pympler", "pytest (>=4.3.0)", "six", "zope.interface", "pytest-azurepipelines"]
dev = ["coverage", "hypothesis", "pympler", "pytest (>=4.3.0)", "six", "zope.interface", "sphinx", "pre-commit"]
docs = ["sphinx", "zope.interface"]
tests = ["coverage", "hypothesis", "pympler", "pytest (>=4.3.0)", "six", "zope.interface"]

[[package]]
category = "dev"
description = "The uncompromising code formatter."
name = "black"
optional = false
python-versions = ">=3.6"
version = "19.10b0"

[package.dependencies]
appdirs = "*"
attrs = ">=18.1.0"
click = ">=6.5"
pathspec = ">=0.6,<1"
regex = "*"
toml = ">=0.9.4"
typed-ast = ">=1.4.0"

[package.extras]
d = ["aiohttp (>=3.3.2)", "aiohttp-cors"]

[[package]]
category = "dev"
description = "Composable command line interface toolkit"
name = "click"
optional = false
python-versions = ">=2.7, !=3.0.*, !=3.1.*, !=3.2.*, !=3.3.*"
version = "7.0"

[[package]]
category = "dev"
description = "Utility library for gitignore style pattern matching of file paths."
name = "pathspec"
optional = false
python-versions = ">=2.7, !=3.0.*, !=3.1.*, !=3.2.*, !=3.3.*"
version = "0.6.0"

[[package]]
category = "dev"
description = "Alternative regular expression module, to replace re."
name = "regex"
optional = false
python-versions = "*"
version = "2019.12.20"

[[package]]
category = "dev"
description = "Python Library for Tom's Obvious, Minimal Language"
name = "toml"
optional = false
python-versions = "*"
version = "0.10.0"

[[package]]
category = "dev"
description = "a fork of Python 2 and 3 ast modules with type comment support"
name = "typed-ast"
optional = false
python-versions = "*"
version = "1.4.0"

[metadata]
content-hash = "ecf54ac15cdfd4dada096c779f0f784fd6afdb6f004faf8cc39358c333ff490d"
python-versions = "^3.8"

[metadata.files]
appdirs = [
    {file = "appdirs-1.4.3-py2.py3-none-any.whl", hash = "sha256:d8b24664561d0d34ddfaec54636d502d7cea6e29c3eaf68f3df6180863e2166e"},
    {file = "appdirs-1.4.3.tar.gz", hash = "sha256:9e5896d1372858f8dd3344faf4e5014d21849c756c8d5701f78f8a103b372d92"},
]
attrs = [
    {file = "attrs-19.3.0-py2.py3-none-any.whl", hash = "sha256:08a96c641c3a74e44eb59afb61a24f2cb9f4d7188748e76ba4bb5edfa3cb7d1c"},
    {file = "attrs-19.3.0.tar.gz", hash = "sha256:f7b7ce16570fe9965acd6d30101a28f62fb4a7f9e926b3bbc9b61f8b04247e72"},
]
black = [
    {file = "black-19.10b0-py36-none-any.whl", hash = "sha256:1b30e59be925fafc1ee4565e5e08abef6b03fe455102883820fe5ee2e4734e0b"},
    {file = "black-19.10b0.tar.gz", hash = "sha256:c2edb73a08e9e0e6f65a0e6af18b059b8b1cdd5bef997d7a0b181df93dc81539"},
]
click = [
    {file = "Click-7.0-py2.py3-none-any.whl", hash = "sha256:2335065e6395b9e67ca716de5f7526736bfa6ceead690adf616d925bdc622b13"},
    {file = "Click-7.0.tar.gz", hash = "sha256:5b94b49521f6456670fdb30cd82a4eca9412788a93fa6dd6df72c94d5a8ff2d7"},
]
pathspec = [
    {file = "pathspec-0.6.0.tar.gz", hash = "sha256:e285ccc8b0785beadd4c18e5708b12bb8fcf529a1e61215b3feff1d1e559ea5c"},
]
regex = [
    {file = "regex-2019.12.20-cp27-cp27m-win32.whl", hash = "sha256:7bbbdbada3078dc360d4692a9b28479f569db7fc7f304b668787afc9feb38ec8"},
    {file = "regex-2019.12.20-cp27-cp27m-win_amd64.whl", hash = "sha256:a83049eb717ae828ced9cf607845929efcb086a001fc8af93ff15c50012a5716"},
    {file = "regex-2019.12.20-cp36-cp36m-manylinux1_i686.whl", hash = "sha256:27d1bd20d334f50b7ef078eba0f0756a640fd25f5f1708d3b5bed18a5d6bced9"},
    {file = "regex-2019.12.20-cp36-cp36m-manylinux1_x86_64.whl", hash = "sha256:1768cf42a78a11dae63152685e7a1d90af7a8d71d2d4f6d2387edea53a9e0588"},
    {file = "regex-2019.12.20-cp36-cp36m-manylinux2010_i686.whl", hash = "sha256:4850c78b53acf664a6578bba0e9ebeaf2807bb476c14ec7e0f936f2015133cae"},
    {file = "regex-2019.12.20-cp36-cp36m-manylinux2010_x86_64.whl", hash = "sha256:78b3712ec529b2a71731fbb10b907b54d9c53a17ca589b42a578bc1e9a2c82ea"},
    {file = "regex-2019.12.20-cp36-cp36m-win32.whl", hash = "sha256:8d9ef7f6c403e35e73b7fc3cde9f6decdc43b1cb2ff8d058c53b9084bfcb553e"},
    {file = "regex-2019.12.20-cp36-cp36m-win_amd64.whl", hash = "sha256:faad39fdbe2c2ccda9846cd21581063086330efafa47d87afea4073a08128656"},
    {file = "regex-2019.12.20-cp37-cp37m-manylinux1_i686.whl", hash = "sha256:adc35d38952e688535980ae2109cad3a109520033642e759f987cf47fe278aa1"},
    {file = "regex-2019.12.20-cp37-cp37m-manylinux1_x86_64.whl", hash = "sha256:ef0b828a7e22e58e06a1cceddba7b4665c6af8afeb22a0d8083001330572c147"},
    {file = "regex-2019.12.20-cp37-cp37m-manylinux2010_i686.whl", hash = "sha256:0e6cf1e747f383f52a0964452658c04300a9a01e8a89c55ea22813931b580aa8"},
    {file = "regex-2019.12.20-cp37-cp37m-manylinux2010_x86_64.whl", hash = "sha256:032fdcc03406e1a6485ec09b826eac78732943840c4b29e503b789716f051d8d"},
    {file = "regex-2019.12.20-cp37-cp37m-win32.whl", hash = "sha256:77ae8d926f38700432807ba293d768ba9e7652df0cbe76df2843b12f80f68885"},
    {file = "regex-2019.12.20-cp37-cp37m-win_amd64.whl", hash = "sha256:c29a77ad4463f71a506515d9ec3a899ed026b4b015bf43245c919ff36275444b"},
    {file = "regex-2019.12.20-cp38-cp38-manylinux1_i686.whl", hash = "sha256:57eacd38a5ec40ed7b19a968a9d01c0d977bda55664210be713e750dd7b33540"},
    {file = "regex-2019.12.20-cp38-cp38-manylinux1_x86_64.whl", hash = "sha256:724eb24b92fc5fdc1501a1b4df44a68b9c1dda171c8ef8736799e903fb100f63"},
    {file = "regex-2019.12.20-cp38-cp38-manylinux2010_i686.whl", hash = "sha256:d508875793efdf6bab3d47850df8f40d4040ae9928d9d80864c1768d6aeaf8e3"},
    {file = "regex-2019.12.20-cp38-cp38-manylinux2010_x86_64.whl", hash = "sha256:cfd31b3300fefa5eecb2fe596c6dee1b91b3a05ece9d5cfd2631afebf6c6fadd"},
    {file = "regex-2019.12.20-cp38-cp38-win32.whl", hash = "sha256:29b20f66f2e044aafba86ecf10a84e611b4667643c42baa004247f5dfef4f90b"},
    {file = "regex-2019.12.20-cp38-cp38-win_amd64.whl", hash = "sha256:d3ee0b035816e0520fac928de31b6572106f0d75597f6fa3206969a02baba06f"},
    {file = "regex-2019.12.20.tar.gz", hash = "sha256:106e25a841921d8259dcef2a42786caae35bc750fb996f830065b3dfaa67b77e"},
]
toml = [
    {file = "toml-0.10.0-py2.7.egg", hash = "sha256:f1db651f9657708513243e61e6cc67d101a39bad662eaa9b5546f789338e07a3"},
    {file = "toml-0.10.0-py2.py3-none-any.whl", hash = "sha256:235682dd292d5899d361a811df37e04a8828a5b1da3115886b73cf81ebc9100e"},
    {file = "toml-0.10.0.tar.gz", hash = "sha256:229f81c57791a41d65e399fc06bf0848bab550a9dfd5ed66df18ce5f05e73d5c"},
]
typed-ast = [
    {file = "typed_ast-1.4.0-cp35-cp35m-manylinux1_i686.whl", hash = "sha256:262c247a82d005e43b5b7f69aff746370538e176131c32dda9cb0f324d27141e"},
    {file = "typed_ast-1.4.0-cp35-cp35m-manylinux1_x86_64.whl", hash = "sha256:71211d26ffd12d63a83e079ff258ac9d56a1376a25bc80b1cdcdf601b855b90b"},
    {file = "typed_ast-1.4.0-cp35-cp35m-win32.whl", hash = "sha256:630968c5cdee51a11c05a30453f8cd65e0cc1d2ad0d9192819df9978984529f4"},
    {file = "typed_ast-1.4.0-cp35-cp35m-win_amd64.whl", hash = "sha256:ffde2fbfad571af120fcbfbbc61c72469e72f550d676c3342492a9dfdefb8f12"},
    {file = "typed_ast-1.4.0-cp36-cp36m-macosx_10_9_x86_64.whl", hash = "sha256:4e0b70c6fc4d010f8107726af5fd37921b666f5b31d9331f0bd24ad9a088e631"},
    {file = "typed_ast-1.4.0-cp36-cp36m-manylinux1_i686.whl", hash = "sha256:bc6c7d3fa1325a0c6613512a093bc2a2a15aeec350451cbdf9e1d4bffe3e3233"},
    {file = "typed_ast-1.4.0-cp36-cp36m-manylinux1_x86_64.whl", hash = "sha256:cc34a6f5b426748a507dd5d1de4c1978f2eb5626d51326e43280941206c209e1"},
    {file = "typed_ast-1.4.0-cp36-cp36m-win32.whl", hash = "sha256:d896919306dd0aa22d0132f62a1b78d11aaf4c9fc5b3410d3c666b818191630a"},
    {file = "typed_ast-1.4.0-cp36-cp36m-win_amd64.whl", hash = "sha256:354c16e5babd09f5cb0ee000d54cfa38401d8b8891eefa878ac772f827181a3c"},
    {file = "typed_ast-1.4.0-cp37-cp37m-macosx_10_9_x86_64.whl", hash = "sha256:95bd11af7eafc16e829af2d3df510cecfd4387f6453355188342c3e79a2ec87a"},
    {file = "typed_ast-1.4.0-cp37-cp37m-manylinux1_i686.whl", hash = "sha256:18511a0b3e7922276346bcb47e2ef9f38fb90fd31cb9223eed42c85d1312344e"},
    {file = "typed_ast-1.4.0-cp37-cp37m-manylinux1_x86_64.whl", hash = "sha256:d7c45933b1bdfaf9f36c579671fec15d25b06c8398f113dab64c18ed1adda01d"},
    {file = "typed_ast-1.4.0-cp37-cp37m-win32.whl", hash = "sha256:d755f03c1e4a51e9b24d899561fec4ccaf51f210d52abdf8c07ee2849b212a36"},
    {file = "typed_ast-1.4.0-cp37-cp37m-win_amd64.whl", hash = "sha256:2b907eb046d049bcd9892e3076c7a6456c93a25bebfe554e931620c90e6a25b0"},
    {file = "typed_ast-1.4.0-cp38-cp38-macosx_10_9_x86_64.whl", hash = "sha256:fdc1c9bbf79510b76408840e009ed65958feba92a88833cdceecff93ae8fff66"},
    {file = "typed_ast-1.4.0-cp38-cp38-manylinux1_i686.whl", hash = "sha256:7954560051331d003b4e2b3eb822d9dd2e376fa4f6d98fee32f452f52dd6ebb2"},
    {file = "typed_ast-1.4.0-cp38-cp38-manylinux1_x86_64.whl", hash = "sha256:48e5b1e71f25cfdef98b013263a88d7145879fbb2d5185f2a0c79fa7ebbeae47"},
    {file = "typed_ast-1.4.0-cp38-cp38-win32.whl", hash = "sha256:1170afa46a3799e18b4c977777ce137bb53c7485379d9706af8a59f2ea1aa161"},
    {file = "typed_ast-1.4.0-cp38-cp38-win_amd64.whl", hash = "sha256:838997f4310012cf2e1ad3803bce2f3402e9ffb71ded61b5ee22617b3a7f6b6e"},
    {file = "typed_ast-1.4.0.tar.gz", hash = "sha256:66480f95b8167c9c5c5c87f32cf437d585937970f3fc24386f313a4c97b44e34"},
]
